// !$*UTF8*$!
{
	archiveVersion = 1;
	classes = {
	};
	objectVersion = 56;
	objects = {

/* Begin PBXBuildFile section */
		B580A9B02BF7308B00B9D755 /* AppDelegate.swift in Sources */ = {isa = PBXBuildFile; fileRef = B580A9AF2BF7308B00B9D755 /* AppDelegate.swift */; };
		B580A9B92BF7308E00B9D755 /* Assets.xcassets in Resources */ = {isa = PBXBuildFile; fileRef = B580A9B82BF7308E00B9D755 /* Assets.xcassets */; };
		B580A9BC2BF7308E00B9D755 /* LaunchScreen.storyboard in Resources */ = {isa = PBXBuildFile; fileRef = B580A9BA2BF7308E00B9D755 /* LaunchScreen.storyboard */; };
		B580A9C42BF7376900B9D755 /* NavigationView.swift in Sources */ = {isa = PBXBuildFile; fileRef = B580A9C32BF7376900B9D755 /* NavigationView.swift */; };
		B580A9C62BF7383800B9D755 /* NavigationView.xib in Resources */ = {isa = PBXBuildFile; fileRef = B580A9C52BF7383800B9D755 /* NavigationView.xib */; };
		B580A9CB2BF7398300B9D755 /* HomeViewController.swift in Sources */ = {isa = PBXBuildFile; fileRef = B580A9C92BF7398300B9D755 /* HomeViewController.swift */; };
		B580A9CC2BF7398300B9D755 /* HomeViewController.xib in Resources */ = {isa = PBXBuildFile; fileRef = B580A9CA2BF7398300B9D755 /* HomeViewController.xib */; };
		B580A9CE2BF7BE4C00B9D755 /* BalanceView.swift in Sources */ = {isa = PBXBuildFile; fileRef = B580A9CD2BF7BE4C00B9D755 /* BalanceView.swift */; };
		B580A9D02BF7BE5A00B9D755 /* BalanceView.xib in Resources */ = {isa = PBXBuildFile; fileRef = B580A9CF2BF7BE5A00B9D755 /* BalanceView.xib */; };
		B580A9D72BF7C79200B9D755 /* ButtonCell.swift in Sources */ = {isa = PBXBuildFile; fileRef = B580A9D52BF7C79200B9D755 /* ButtonCell.swift */; };
		B580A9D82BF7C79200B9D755 /* ButtonCell.xib in Resources */ = {isa = PBXBuildFile; fileRef = B580A9D62BF7C79200B9D755 /* ButtonCell.xib */; };
		B580A9DC2BF7D33E00B9D755 /* FavoriteView.swift in Sources */ = {isa = PBXBuildFile; fileRef = B580A9DB2BF7D33E00B9D755 /* FavoriteView.swift */; };
		B580A9DE2BF7D4C800B9D755 /* FavoriteView.xib in Resources */ = {isa = PBXBuildFile; fileRef = B580A9DD2BF7D4C800B9D755 /* FavoriteView.xib */; };
		B580A9E12BF7D86400B9D755 /* FavoriteButtonCell.swift in Sources */ = {isa = PBXBuildFile; fileRef = B580A9DF2BF7D86400B9D755 /* FavoriteButtonCell.swift */; };
		B580A9E22BF7D86400B9D755 /* FavoriteButtonCell.xib in Resources */ = {isa = PBXBuildFile; fileRef = B580A9E02BF7D86400B9D755 /* FavoriteButtonCell.xib */; };
		B580A9E62BF7DFD900B9D755 /* AdsView.xib in Resources */ = {isa = PBXBuildFile; fileRef = B580A9E52BF7DFD900B9D755 /* AdsView.xib */; };
		B580A9EA2BF7E16000B9D755 /* AdsView.swift in Sources */ = {isa = PBXBuildFile; fileRef = B580A9E92BF7E16000B9D755 /* AdsView.swift */; };
		B580A9EC2BF9D2E200B9D755 /* HomeViewModel.swift in Sources */ = {isa = PBXBuildFile; fileRef = B580A9EB2BF9D2E200B9D755 /* HomeViewModel.swift */; };
		B580A9EF2BF9D8E500B9D755 /* AdsCell.swift in Sources */ = {isa = PBXBuildFile; fileRef = B580A9ED2BF9D8E500B9D755 /* AdsCell.swift */; };
		B580A9F02BF9D8E500B9D755 /* AdsCell.xib in Resources */ = {isa = PBXBuildFile; fileRef = B580A9EE2BF9D8E500B9D755 /* AdsCell.xib */; };
		B580A9F62BF9EDC300B9D755 /* ButtonAreaView.swift in Sources */ = {isa = PBXBuildFile; fileRef = B580A9F52BF9EDC300B9D755 /* ButtonAreaView.swift */; };
		B580A9F82BF9EDD200B9D755 /* ButtonAreaView.xib in Resources */ = {isa = PBXBuildFile; fileRef = B580A9F72BF9EDD200B9D755 /* ButtonAreaView.xib */; };
		B580AA092BF9F8AE00B9D755 /* BottomBarView.swift in Sources */ = {isa = PBXBuildFile; fileRef = B580AA082BF9F8AE00B9D755 /* BottomBarView.swift */; };
		B580AA0B2BF9F8B600B9D755 /* BottomBarView.xib in Resources */ = {isa = PBXBuildFile; fileRef = B580AA0A2BF9F8B600B9D755 /* BottomBarView.xib */; };
		B580AA0E2BF9F9A800B9D755 /* BottomBarCell.swift in Sources */ = {isa = PBXBuildFile; fileRef = B580AA0C2BF9F9A800B9D755 /* BottomBarCell.swift */; };
		B580AA0F2BF9F9A800B9D755 /* BottomBarCell.xib in Resources */ = {isa = PBXBuildFile; fileRef = B580AA0D2BF9F9A800B9D755 /* BottomBarCell.xib */; };
		B580AA122BF9FDF300B9D755 /* HomeModel.swift in Sources */ = {isa = PBXBuildFile; fileRef = B580AA112BF9FDF300B9D755 /* HomeModel.swift */; };
		B580AA172BFAF18F00B9D755 /* BalanceModel.swift in Sources */ = {isa = PBXBuildFile; fileRef = B580AA162BFAF18E00B9D755 /* BalanceModel.swift */; };
		B580AA192BFAF34D00B9D755 /* APIService.swift in Sources */ = {isa = PBXBuildFile; fileRef = B580AA182BFAF34D00B9D755 /* APIService.swift */; };
		B580AA1B2BFAF36700B9D755 /* APIError.swift in Sources */ = {isa = PBXBuildFile; fileRef = B580AA1A2BFAF36700B9D755 /* APIError.swift */; };
		B580AA1D2BFAF3B400B9D755 /* APIBalance.swift in Sources */ = {isa = PBXBuildFile; fileRef = B580AA1C2BFAF3B400B9D755 /* APIBalance.swift */; };
		B580AA1F2BFB19F100B9D755 /* APIBanner.swift in Sources */ = {isa = PBXBuildFile; fileRef = B580AA1E2BFB19F100B9D755 /* APIBanner.swift */; };
		B580AA212BFB1A4400B9D755 /* BannerModel.swift in Sources */ = {isa = PBXBuildFile; fileRef = B580AA202BFB1A4400B9D755 /* BannerModel.swift */; };
		B580AA232BFB211800B9D755 /* Extensions.swift in Sources */ = {isa = PBXBuildFile; fileRef = B580AA222BFB211800B9D755 /* Extensions.swift */; };
		B580AA282BFB514300B9D755 /* NotificationViewController.swift in Sources */ = {isa = PBXBuildFile; fileRef = B580AA262BFB514300B9D755 /* NotificationViewController.swift */; };
		B580AA292BFB514300B9D755 /* NotificationViewController.xib in Resources */ = {isa = PBXBuildFile; fileRef = B580AA272BFB514300B9D755 /* NotificationViewController.xib */; };
		B580AA2E2BFB595000B9D755 /* NotificationModel.swift in Sources */ = {isa = PBXBuildFile; fileRef = B580AA2D2BFB595000B9D755 /* NotificationModel.swift */; };
		B580AA302BFB59E400B9D755 /* APINotification.swift in Sources */ = {isa = PBXBuildFile; fileRef = B580AA2F2BFB59E400B9D755 /* APINotification.swift */; };
		B580AA322BFB5B2200B9D755 /* NotificationViewModel.swift in Sources */ = {isa = PBXBuildFile; fileRef = B580AA312BFB5B2200B9D755 /* NotificationViewModel.swift */; };
		B580AA352BFB5EC300B9D755 /* NotificationMessageCell.swift in Sources */ = {isa = PBXBuildFile; fileRef = B580AA332BFB5EC300B9D755 /* NotificationMessageCell.swift */; };
		B580AA362BFB5EC300B9D755 /* NotificationMessageCell.xib in Resources */ = {isa = PBXBuildFile; fileRef = B580AA342BFB5EC300B9D755 /* NotificationMessageCell.xib */; };
/* End PBXBuildFile section */

/* Begin PBXFileReference section */
		B580A9AC2BF7308B00B9D755 /* TPISofware_Homework.app */ = {isa = PBXFileReference; explicitFileType = wrapper.application; includeInIndex = 0; path = TPISofware_Homework.app; sourceTree = BUILT_PRODUCTS_DIR; };
		B580A9AF2BF7308B00B9D755 /* AppDelegate.swift */ = {isa = PBXFileReference; lastKnownFileType = sourcecode.swift; path = AppDelegate.swift; sourceTree = "<group>"; };
		B580A9B82BF7308E00B9D755 /* Assets.xcassets */ = {isa = PBXFileReference; lastKnownFileType = folder.assetcatalog; path = Assets.xcassets; sourceTree = "<group>"; };
		B580A9BB2BF7308E00B9D755 /* Base */ = {isa = PBXFileReference; lastKnownFileType = file.storyboard; name = Base; path = Base.lproj/LaunchScreen.storyboard; sourceTree = "<group>"; };
		B580A9BD2BF7308E00B9D755 /* Info.plist */ = {isa = PBXFileReference; lastKnownFileType = text.plist.xml; path = Info.plist; sourceTree = "<group>"; };
		B580A9C32BF7376900B9D755 /* NavigationView.swift */ = {isa = PBXFileReference; lastKnownFileType = sourcecode.swift; path = NavigationView.swift; sourceTree = "<group>"; };
		B580A9C52BF7383800B9D755 /* NavigationView.xib */ = {isa = PBXFileReference; lastKnownFileType = file.xib; path = NavigationView.xib; sourceTree = "<group>"; };
		B580A9C92BF7398300B9D755 /* HomeViewController.swift */ = {isa = PBXFileReference; lastKnownFileType = sourcecode.swift; path = HomeViewController.swift; sourceTree = "<group>"; };
		B580A9CA2BF7398300B9D755 /* HomeViewController.xib */ = {isa = PBXFileReference; lastKnownFileType = file.xib; path = HomeViewController.xib; sourceTree = "<group>"; };
		B580A9CD2BF7BE4C00B9D755 /* BalanceView.swift */ = {isa = PBXFileReference; lastKnownFileType = sourcecode.swift; path = BalanceView.swift; sourceTree = "<group>"; };
		B580A9CF2BF7BE5A00B9D755 /* BalanceView.xib */ = {isa = PBXFileReference; lastKnownFileType = file.xib; path = BalanceView.xib; sourceTree = "<group>"; };
		B580A9D52BF7C79200B9D755 /* ButtonCell.swift */ = {isa = PBXFileReference; lastKnownFileType = sourcecode.swift; path = ButtonCell.swift; sourceTree = "<group>"; };
		B580A9D62BF7C79200B9D755 /* ButtonCell.xib */ = {isa = PBXFileReference; lastKnownFileType = file.xib; path = ButtonCell.xib; sourceTree = "<group>"; };
		B580A9DB2BF7D33E00B9D755 /* FavoriteView.swift */ = {isa = PBXFileReference; lastKnownFileType = sourcecode.swift; path = FavoriteView.swift; sourceTree = "<group>"; };
		B580A9DD2BF7D4C800B9D755 /* FavoriteView.xib */ = {isa = PBXFileReference; lastKnownFileType = file.xib; path = FavoriteView.xib; sourceTree = "<group>"; };
		B580A9DF2BF7D86400B9D755 /* FavoriteButtonCell.swift */ = {isa = PBXFileReference; lastKnownFileType = sourcecode.swift; path = FavoriteButtonCell.swift; sourceTree = "<group>"; };
		B580A9E02BF7D86400B9D755 /* FavoriteButtonCell.xib */ = {isa = PBXFileReference; lastKnownFileType = file.xib; path = FavoriteButtonCell.xib; sourceTree = "<group>"; };
		B580A9E52BF7DFD900B9D755 /* AdsView.xib */ = {isa = PBXFileReference; lastKnownFileType = file.xib; path = AdsView.xib; sourceTree = "<group>"; };
		B580A9E92BF7E16000B9D755 /* AdsView.swift */ = {isa = PBXFileReference; lastKnownFileType = sourcecode.swift; path = AdsView.swift; sourceTree = "<group>"; };
		B580A9EB2BF9D2E200B9D755 /* HomeViewModel.swift */ = {isa = PBXFileReference; lastKnownFileType = sourcecode.swift; path = HomeViewModel.swift; sourceTree = "<group>"; };
		B580A9ED2BF9D8E500B9D755 /* AdsCell.swift */ = {isa = PBXFileReference; lastKnownFileType = sourcecode.swift; path = AdsCell.swift; sourceTree = "<group>"; };
		B580A9EE2BF9D8E500B9D755 /* AdsCell.xib */ = {isa = PBXFileReference; lastKnownFileType = file.xib; path = AdsCell.xib; sourceTree = "<group>"; };
		B580A9F52BF9EDC300B9D755 /* ButtonAreaView.swift */ = {isa = PBXFileReference; lastKnownFileType = sourcecode.swift; path = ButtonAreaView.swift; sourceTree = "<group>"; };
		B580A9F72BF9EDD200B9D755 /* ButtonAreaView.xib */ = {isa = PBXFileReference; lastKnownFileType = file.xib; path = ButtonAreaView.xib; sourceTree = "<group>"; };
		B580AA082BF9F8AE00B9D755 /* BottomBarView.swift */ = {isa = PBXFileReference; lastKnownFileType = sourcecode.swift; path = BottomBarView.swift; sourceTree = "<group>"; };
		B580AA0A2BF9F8B600B9D755 /* BottomBarView.xib */ = {isa = PBXFileReference; lastKnownFileType = file.xib; path = BottomBarView.xib; sourceTree = "<group>"; };
		B580AA0C2BF9F9A800B9D755 /* BottomBarCell.swift */ = {isa = PBXFileReference; lastKnownFileType = sourcecode.swift; path = BottomBarCell.swift; sourceTree = "<group>"; };
		B580AA0D2BF9F9A800B9D755 /* BottomBarCell.xib */ = {isa = PBXFileReference; lastKnownFileType = file.xib; path = BottomBarCell.xib; sourceTree = "<group>"; };
		B580AA112BF9FDF300B9D755 /* HomeModel.swift */ = {isa = PBXFileReference; lastKnownFileType = sourcecode.swift; path = HomeModel.swift; sourceTree = "<group>"; };
		B580AA162BFAF18E00B9D755 /* BalanceModel.swift */ = {isa = PBXFileReference; lastKnownFileType = sourcecode.swift; path = BalanceModel.swift; sourceTree = "<group>"; };
		B580AA182BFAF34D00B9D755 /* APIService.swift */ = {isa = PBXFileReference; lastKnownFileType = sourcecode.swift; path = APIService.swift; sourceTree = "<group>"; };
		B580AA1A2BFAF36700B9D755 /* APIError.swift */ = {isa = PBXFileReference; lastKnownFileType = sourcecode.swift; path = APIError.swift; sourceTree = "<group>"; };
		B580AA1C2BFAF3B400B9D755 /* APIBalance.swift */ = {isa = PBXFileReference; lastKnownFileType = sourcecode.swift; path = APIBalance.swift; sourceTree = "<group>"; };
		B580AA1E2BFB19F100B9D755 /* APIBanner.swift */ = {isa = PBXFileReference; lastKnownFileType = sourcecode.swift; path = APIBanner.swift; sourceTree = "<group>"; };
		B580AA202BFB1A4400B9D755 /* BannerModel.swift */ = {isa = PBXFileReference; lastKnownFileType = sourcecode.swift; path = BannerModel.swift; sourceTree = "<group>"; };
		B580AA222BFB211800B9D755 /* Extensions.swift */ = {isa = PBXFileReference; lastKnownFileType = sourcecode.swift; path = Extensions.swift; sourceTree = "<group>"; };
		B580AA262BFB514300B9D755 /* NotificationViewController.swift */ = {isa = PBXFileReference; lastKnownFileType = sourcecode.swift; path = NotificationViewController.swift; sourceTree = "<group>"; };
		B580AA272BFB514300B9D755 /* NotificationViewController.xib */ = {isa = PBXFileReference; lastKnownFileType = file.xib; path = NotificationViewController.xib; sourceTree = "<group>"; };
		B580AA2D2BFB595000B9D755 /* NotificationModel.swift */ = {isa = PBXFileReference; lastKnownFileType = sourcecode.swift; path = NotificationModel.swift; sourceTree = "<group>"; };
		B580AA2F2BFB59E400B9D755 /* APINotification.swift */ = {isa = PBXFileReference; lastKnownFileType = sourcecode.swift; path = APINotification.swift; sourceTree = "<group>"; };
		B580AA312BFB5B2200B9D755 /* NotificationViewModel.swift */ = {isa = PBXFileReference; lastKnownFileType = sourcecode.swift; path = NotificationViewModel.swift; sourceTree = "<group>"; };
		B580AA332BFB5EC300B9D755 /* NotificationMessageCell.swift */ = {isa = PBXFileReference; lastKnownFileType = sourcecode.swift; path = NotificationMessageCell.swift; sourceTree = "<group>"; };
		B580AA342BFB5EC300B9D755 /* NotificationMessageCell.xib */ = {isa = PBXFileReference; lastKnownFileType = file.xib; path = NotificationMessageCell.xib; sourceTree = "<group>"; };
/* End PBXFileReference section */

/* Begin PBXFrameworksBuildPhase section */
		B580A9A92BF7308B00B9D755 /* Frameworks */ = {
			isa = PBXFrameworksBuildPhase;
			buildActionMask = 2147483647;
			files = (
			);
			runOnlyForDeploymentPostprocessing = 0;
		};
/* End PBXFrameworksBuildPhase section */

/* Begin PBXGroup section */
		B580A9A32BF7308B00B9D755 = {
			isa = PBXGroup;
			children = (
				B580A9AE2BF7308B00B9D755 /* TPISofware_Homework */,
				B580A9AD2BF7308B00B9D755 /* Products */,
			);
			sourceTree = "<group>";
		};
		B580A9AD2BF7308B00B9D755 /* Products */ = {
			isa = PBXGroup;
			children = (
				B580A9AC2BF7308B00B9D755 /* TPISofware_Homework.app */,
			);
			name = Products;
			sourceTree = "<group>";
		};
		B580A9AE2BF7308B00B9D755 /* TPISofware_Homework */ = {
			isa = PBXGroup;
			children = (
				B580AA242BFB50FB00B9D755 /* NotificationsScreen */,
				B580AA132BFAEF3900B9D755 /* Data */,
				B580A9FB2BF9F1AE00B9D755 /* HomeScreen */,
				B580A9AF2BF7308B00B9D755 /* AppDelegate.swift */,
				B580A9B82BF7308E00B9D755 /* Assets.xcassets */,
				B580A9BA2BF7308E00B9D755 /* LaunchScreen.storyboard */,
				B580A9BD2BF7308E00B9D755 /* Info.plist */,
				B580AA222BFB211800B9D755 /* Extensions.swift */,
			);
			path = TPISofware_Homework;
			sourceTree = "<group>";
		};
		B580A9FB2BF9F1AE00B9D755 /* HomeScreen */ = {
			isa = PBXGroup;
			children = (
				B580AA102BF9FDD400B9D755 /* Model */,
				B580A9FE2BF9F1C900B9D755 /* ViewModel */,
				B580A9FD2BF9F1C600B9D755 /* Views */,
				B580A9FC2BF9F1C000B9D755 /* Controller */,
			);
			path = HomeScreen;
			sourceTree = "<group>";
		};
		B580A9FC2BF9F1C000B9D755 /* Controller */ = {
			isa = PBXGroup;
			children = (
				B580A9C92BF7398300B9D755 /* HomeViewController.swift */,
				B580A9CA2BF7398300B9D755 /* HomeViewController.xib */,
			);
			path = Controller;
			sourceTree = "<group>";
		};
		B580A9FD2BF9F1C600B9D755 /* Views */ = {
			isa = PBXGroup;
			children = (
				B580A9FF2BF9F1DE00B9D755 /* Cells */,
				B580A9C32BF7376900B9D755 /* NavigationView.swift */,
				B580A9C52BF7383800B9D755 /* NavigationView.xib */,
				B580A9CD2BF7BE4C00B9D755 /* BalanceView.swift */,
				B580A9CF2BF7BE5A00B9D755 /* BalanceView.xib */,
				B580A9DB2BF7D33E00B9D755 /* FavoriteView.swift */,
				B580A9DD2BF7D4C800B9D755 /* FavoriteView.xib */,
				B580A9E52BF7DFD900B9D755 /* AdsView.xib */,
				B580A9E92BF7E16000B9D755 /* AdsView.swift */,
				B580A9F52BF9EDC300B9D755 /* ButtonAreaView.swift */,
				B580A9F72BF9EDD200B9D755 /* ButtonAreaView.xib */,
				B580AA082BF9F8AE00B9D755 /* BottomBarView.swift */,
				B580AA0A2BF9F8B600B9D755 /* BottomBarView.xib */,
			);
			path = Views;
			sourceTree = "<group>";
		};
		B580A9FE2BF9F1C900B9D755 /* ViewModel */ = {
			isa = PBXGroup;
			children = (
				B580A9EB2BF9D2E200B9D755 /* HomeViewModel.swift */,
			);
			path = ViewModel;
			sourceTree = "<group>";
		};
		B580A9FF2BF9F1DE00B9D755 /* Cells */ = {
			isa = PBXGroup;
			children = (
				B580A9DF2BF7D86400B9D755 /* FavoriteButtonCell.swift */,
				B580A9E02BF7D86400B9D755 /* FavoriteButtonCell.xib */,
				B580A9D52BF7C79200B9D755 /* ButtonCell.swift */,
				B580A9D62BF7C79200B9D755 /* ButtonCell.xib */,
				B580A9ED2BF9D8E500B9D755 /* AdsCell.swift */,
				B580A9EE2BF9D8E500B9D755 /* AdsCell.xib */,
				B580AA0C2BF9F9A800B9D755 /* BottomBarCell.swift */,
				B580AA0D2BF9F9A800B9D755 /* BottomBarCell.xib */,
			);
			path = Cells;
			sourceTree = "<group>";
		};
		B580AA102BF9FDD400B9D755 /* Model */ = {
			isa = PBXGroup;
			children = (
				B580AA112BF9FDF300B9D755 /* HomeModel.swift */,
			);
			path = Model;
			sourceTree = "<group>";
		};
		B580AA132BFAEF3900B9D755 /* Data */ = {
			isa = PBXGroup;
			children = (
				B580AA152BFAF11100B9D755 /* Models */,
				B580AA142BFAEF3D00B9D755 /* Network */,
			);
			path = Data;
			sourceTree = "<group>";
		};
		B580AA142BFAEF3D00B9D755 /* Network */ = {
			isa = PBXGroup;
			children = (
				B580AA182BFAF34D00B9D755 /* APIService.swift */,
				B580AA1A2BFAF36700B9D755 /* APIError.swift */,
				B580AA1C2BFAF3B400B9D755 /* APIBalance.swift */,
				B580AA1E2BFB19F100B9D755 /* APIBanner.swift */,
				B580AA2F2BFB59E400B9D755 /* APINotification.swift */,
			);
			path = Network;
			sourceTree = "<group>";
		};
		B580AA152BFAF11100B9D755 /* Models */ = {
			isa = PBXGroup;
			children = (
				B580AA162BFAF18E00B9D755 /* BalanceModel.swift */,
				B580AA202BFB1A4400B9D755 /* BannerModel.swift */,
				B580AA2D2BFB595000B9D755 /* NotificationModel.swift */,
			);
			path = Models;
			sourceTree = "<group>";
		};
		B580AA242BFB50FB00B9D755 /* NotificationsScreen */ = {
			isa = PBXGroup;
			children = (
				B580AA2B2BFB590100B9D755 /* Views */,
				B580AA2A2BFB58F800B9D755 /* ViewModel */,
				B580AA252BFB510F00B9D755 /* Controller */,
			);
			path = NotificationsScreen;
			sourceTree = "<group>";
		};
		B580AA252BFB510F00B9D755 /* Controller */ = {
			isa = PBXGroup;
			children = (
				B580AA262BFB514300B9D755 /* NotificationViewController.swift */,
				B580AA272BFB514300B9D755 /* NotificationViewController.xib */,
			);
			path = Controller;
			sourceTree = "<group>";
		};
		B580AA2A2BFB58F800B9D755 /* ViewModel */ = {
			isa = PBXGroup;
			children = (
				B580AA312BFB5B2200B9D755 /* NotificationViewModel.swift */,
			);
			path = ViewModel;
			sourceTree = "<group>";
		};
		B580AA2B2BFB590100B9D755 /* Views */ = {
			isa = PBXGroup;
			children = (
				B580AA2C2BFB591000B9D755 /* Cells */,
			);
			path = Views;
			sourceTree = "<group>";
		};
		B580AA2C2BFB591000B9D755 /* Cells */ = {
			isa = PBXGroup;
			children = (
				B580AA332BFB5EC300B9D755 /* NotificationMessageCell.swift */,
				B580AA342BFB5EC300B9D755 /* NotificationMessageCell.xib */,
			);
			path = Cells;
			sourceTree = "<group>";
		};
/* End PBXGroup section */

/* Begin PBXNativeTarget section */
		B580A9AB2BF7308B00B9D755 /* TPISofware_Homework */ = {
			isa = PBXNativeTarget;
			buildConfigurationList = B580A9C02BF7308E00B9D755 /* Build configuration list for PBXNativeTarget "TPISofware_Homework" */;
			buildPhases = (
				B580A9A82BF7308B00B9D755 /* Sources */,
				B580A9A92BF7308B00B9D755 /* Frameworks */,
				B580A9AA2BF7308B00B9D755 /* Resources */,
			);
			buildRules = (
			);
			dependencies = (
			);
			name = TPISofware_Homework;
			productName = TPISofware_Homework;
			productReference = B580A9AC2BF7308B00B9D755 /* TPISofware_Homework.app */;
			productType = "com.apple.product-type.application";
		};
/* End PBXNativeTarget section */

/* Begin PBXProject section */
		B580A9A42BF7308B00B9D755 /* Project object */ = {
			isa = PBXProject;
			attributes = {
				BuildIndependentTargetsInParallel = 1;
				LastSwiftUpdateCheck = 1500;
				LastUpgradeCheck = 1500;
				TargetAttributes = {
					B580A9AB2BF7308B00B9D755 = {
						CreatedOnToolsVersion = 15.0;
					};
				};
			};
			buildConfigurationList = B580A9A72BF7308B00B9D755 /* Build configuration list for PBXProject "TPISofware_Homework" */;
			compatibilityVersion = "Xcode 14.0";
			developmentRegion = en;
			hasScannedForEncodings = 0;
			knownRegions = (
				en,
				Base,
			);
			mainGroup = B580A9A32BF7308B00B9D755;
			productRefGroup = B580A9AD2BF7308B00B9D755 /* Products */;
			projectDirPath = "";
			projectRoot = "";
			targets = (
				B580A9AB2BF7308B00B9D755 /* TPISofware_Homework */,
			);
		};
/* End PBXProject section */

/* Begin PBXResourcesBuildPhase section */
		B580A9AA2BF7308B00B9D755 /* Resources */ = {
			isa = PBXResourcesBuildPhase;
			buildActionMask = 2147483647;
			files = (
				B580A9BC2BF7308E00B9D755 /* LaunchScreen.storyboard in Resources */,
				B580A9B92BF7308E00B9D755 /* Assets.xcassets in Resources */,
				B580A9F02BF9D8E500B9D755 /* AdsCell.xib in Resources */,
				B580A9C62BF7383800B9D755 /* NavigationView.xib in Resources */,
				B580AA0F2BF9F9A800B9D755 /* BottomBarCell.xib in Resources */,
				B580AA362BFB5EC300B9D755 /* NotificationMessageCell.xib in Resources */,
				B580A9E62BF7DFD900B9D755 /* AdsView.xib in Resources */,
				B580A9E22BF7D86400B9D755 /* FavoriteButtonCell.xib in Resources */,
				B580A9D82BF7C79200B9D755 /* ButtonCell.xib in Resources */,
				B580A9D02BF7BE5A00B9D755 /* BalanceView.xib in Resources */,
				B580A9DE2BF7D4C800B9D755 /* FavoriteView.xib in Resources */,
				B580A9CC2BF7398300B9D755 /* HomeViewController.xib in Resources */,
				B580A9F82BF9EDD200B9D755 /* ButtonAreaView.xib in Resources */,
				B580AA0B2BF9F8B600B9D755 /* BottomBarView.xib in Resources */,
				B580AA292BFB514300B9D755 /* NotificationViewController.xib in Resources */,
			);
			runOnlyForDeploymentPostprocessing = 0;
		};
/* End PBXResourcesBuildPhase section */

/* Begin PBXSourcesBuildPhase section */
		B580A9A82BF7308B00B9D755 /* Sources */ = {
			isa = PBXSourcesBuildPhase;
			buildActionMask = 2147483647;
			files = (
				B580A9EF2BF9D8E500B9D755 /* AdsCell.swift in Sources */,
				B580AA302BFB59E400B9D755 /* APINotification.swift in Sources */,
				B580AA1F2BFB19F100B9D755 /* APIBanner.swift in Sources */,
				B580A9C42BF7376900B9D755 /* NavigationView.swift in Sources */,
				B580A9F62BF9EDC300B9D755 /* ButtonAreaView.swift in Sources */,
				B580AA1B2BFAF36700B9D755 /* APIError.swift in Sources */,
				B580AA092BF9F8AE00B9D755 /* BottomBarView.swift in Sources */,
				B580A9EC2BF9D2E200B9D755 /* HomeViewModel.swift in Sources */,
				B580A9CE2BF7BE4C00B9D755 /* BalanceView.swift in Sources */,
				B580AA192BFAF34D00B9D755 /* APIService.swift in Sources */,
				B580AA352BFB5EC300B9D755 /* NotificationMessageCell.swift in Sources */,
				B580A9B02BF7308B00B9D755 /* AppDelegate.swift in Sources */,
				B580A9EA2BF7E16000B9D755 /* AdsView.swift in Sources */,
				B580AA0E2BF9F9A800B9D755 /* BottomBarCell.swift in Sources */,
				B580AA282BFB514300B9D755 /* NotificationViewController.swift in Sources */,
				B580A9D72BF7C79200B9D755 /* ButtonCell.swift in Sources */,
				B580AA232BFB211800B9D755 /* Extensions.swift in Sources */,
				B580AA2E2BFB595000B9D755 /* NotificationModel.swift in Sources */,
				B580A9DC2BF7D33E00B9D755 /* FavoriteView.swift in Sources */,
				B580AA122BF9FDF300B9D755 /* HomeModel.swift in Sources */,
				B580A9E12BF7D86400B9D755 /* FavoriteButtonCell.swift in Sources */,
				B580A9CB2BF7398300B9D755 /* HomeViewController.swift in Sources */,
				B580AA322BFB5B2200B9D755 /* NotificationViewModel.swift in Sources */,
				B580AA172BFAF18F00B9D755 /* BalanceModel.swift in Sources */,
				B580AA1D2BFAF3B400B9D755 /* APIBalance.swift in Sources */,
				B580AA212BFB1A4400B9D755 /* BannerModel.swift in Sources */,
			);
			runOnlyForDeploymentPostprocessing = 0;
		};
/* End PBXSourcesBuildPhase section */

/* Begin PBXVariantGroup section */
		B580A9BA2BF7308E00B9D755 /* LaunchScreen.storyboard */ = {
			isa = PBXVariantGroup;
			children = (
				B580A9BB2BF7308E00B9D755 /* Base */,
			);
			name = LaunchScreen.storyboard;
			sourceTree = "<group>";
		};
/* End PBXVariantGroup section */

/* Begin XCBuildConfiguration section */
		B580A9BE2BF7308E00B9D755 /* Debug */ = {
			isa = XCBuildConfiguration;
			buildSettings = {
				ALWAYS_SEARCH_USER_PATHS = NO;
				ASSETCATALOG_COMPILER_GENERATE_SWIFT_ASSET_SYMBOL_EXTENSIONS = YES;
				CLANG_ANALYZER_NONNULL = YES;
				CLANG_ANALYZER_NUMBER_OBJECT_CONVERSION = YES_AGGRESSIVE;
				CLANG_CXX_LANGUAGE_STANDARD = "gnu++20";
				CLANG_ENABLE_MODULES = YES;
				CLANG_ENABLE_OBJC_ARC = YES;
				CLANG_ENABLE_OBJC_WEAK = YES;
				CLANG_WARN_BLOCK_CAPTURE_AUTORELEASING = YES;
				CLANG_WARN_BOOL_CONVERSION = YES;
				CLANG_WARN_COMMA = YES;
				CLANG_WARN_CONSTANT_CONVERSION = YES;
				CLANG_WARN_DEPRECATED_OBJC_IMPLEMENTATIONS = YES;
				CLANG_WARN_DIRECT_OBJC_ISA_USAGE = YES_ERROR;
				CLANG_WARN_DOCUMENTATION_COMMENTS = YES;
				CLANG_WARN_EMPTY_BODY = YES;
				CLANG_WARN_ENUM_CONVERSION = YES;
				CLANG_WARN_INFINITE_RECURSION = YES;
				CLANG_WARN_INT_CONVERSION = YES;
				CLANG_WARN_NON_LITERAL_NULL_CONVERSION = YES;
				CLANG_WARN_OBJC_IMPLICIT_RETAIN_SELF = YES;
				CLANG_WARN_OBJC_LITERAL_CONVERSION = YES;
				CLANG_WARN_OBJC_ROOT_CLASS = YES_ERROR;
				CLANG_WARN_QUOTED_INCLUDE_IN_FRAMEWORK_HEADER = YES;
				CLANG_WARN_RANGE_LOOP_ANALYSIS = YES;
				CLANG_WARN_STRICT_PROTOTYPES = YES;
				CLANG_WARN_SUSPICIOUS_MOVE = YES;
				CLANG_WARN_UNGUARDED_AVAILABILITY = YES_AGGRESSIVE;
				CLANG_WARN_UNREACHABLE_CODE = YES;
				CLANG_WARN__DUPLICATE_METHOD_MATCH = YES;
				COPY_PHASE_STRIP = NO;
				DEBUG_INFORMATION_FORMAT = dwarf;
				ENABLE_STRICT_OBJC_MSGSEND = YES;
				ENABLE_TESTABILITY = YES;
				ENABLE_USER_SCRIPT_SANDBOXING = YES;
				GCC_C_LANGUAGE_STANDARD = gnu17;
				GCC_DYNAMIC_NO_PIC = NO;
				GCC_NO_COMMON_BLOCKS = YES;
				GCC_OPTIMIZATION_LEVEL = 0;
				GCC_PREPROCESSOR_DEFINITIONS = (
					"DEBUG=1",
					"$(inherited)",
				);
				GCC_WARN_64_TO_32_BIT_CONVERSION = YES;
				GCC_WARN_ABOUT_RETURN_TYPE = YES_ERROR;
				GCC_WARN_UNDECLARED_SELECTOR = YES;
				GCC_WARN_UNINITIALIZED_AUTOS = YES_AGGRESSIVE;
				GCC_WARN_UNUSED_FUNCTION = YES;
				GCC_WARN_UNUSED_VARIABLE = YES;
				IPHONEOS_DEPLOYMENT_TARGET = 17.0;
				LOCALIZATION_PREFERS_STRING_CATALOGS = YES;
				MTL_ENABLE_DEBUG_INFO = INCLUDE_SOURCE;
				MTL_FAST_MATH = YES;
				ONLY_ACTIVE_ARCH = YES;
				SDKROOT = iphoneos;
				SWIFT_ACTIVE_COMPILATION_CONDITIONS = "DEBUG $(inherited)";
				SWIFT_OPTIMIZATION_LEVEL = "-Onone";
			};
			name = Debug;
		};
		B580A9BF2BF7308E00B9D755 /* Release */ = {
			isa = XCBuildConfiguration;
			buildSettings = {
				ALWAYS_SEARCH_USER_PATHS = NO;
				ASSETCATALOG_COMPILER_GENERATE_SWIFT_ASSET_SYMBOL_EXTENSIONS = YES;
				CLANG_ANALYZER_NONNULL = YES;
				CLANG_ANALYZER_NUMBER_OBJECT_CONVERSION = YES_AGGRESSIVE;
				CLANG_CXX_LANGUAGE_STANDARD = "gnu++20";
				CLANG_ENABLE_MODULES = YES;
				CLANG_ENABLE_OBJC_ARC = YES;
				CLANG_ENABLE_OBJC_WEAK = YES;
				CLANG_WARN_BLOCK_CAPTURE_AUTORELEASING = YES;
				CLANG_WARN_BOOL_CONVERSION = YES;
				CLANG_WARN_COMMA = YES;
				CLANG_WARN_CONSTANT_CONVERSION = YES;
				CLANG_WARN_DEPRECATED_OBJC_IMPLEMENTATIONS = YES;
				CLANG_WARN_DIRECT_OBJC_ISA_USAGE = YES_ERROR;
				CLANG_WARN_DOCUMENTATION_COMMENTS = YES;
				CLANG_WARN_EMPTY_BODY = YES;
				CLANG_WARN_ENUM_CONVERSION = YES;
				CLANG_WARN_INFINITE_RECURSION = YES;
				CLANG_WARN_INT_CONVERSION = YES;
				CLANG_WARN_NON_LITERAL_NULL_CONVERSION = YES;
				CLANG_WARN_OBJC_IMPLICIT_RETAIN_SELF = YES;
				CLANG_WARN_OBJC_LITERAL_CONVERSION = YES;
				CLANG_WARN_OBJC_ROOT_CLASS = YES_ERROR;
				CLANG_WARN_QUOTED_INCLUDE_IN_FRAMEWORK_HEADER = YES;
				CLANG_WARN_RANGE_LOOP_ANALYSIS = YES;
				CLANG_WARN_STRICT_PROTOTYPES = YES;
				CLANG_WARN_SUSPICIOUS_MOVE = YES;
				CLANG_WARN_UNGUARDED_AVAILABILITY = YES_AGGRESSIVE;
				CLANG_WARN_UNREACHABLE_CODE = YES;
				CLANG_WARN__DUPLICATE_METHOD_MATCH = YES;
				COPY_PHASE_STRIP = NO;
				DEBUG_INFORMATION_FORMAT = "dwarf-with-dsym";
				ENABLE_NS_ASSERTIONS = NO;
				ENABLE_STRICT_OBJC_MSGSEND = YES;
				ENABLE_USER_SCRIPT_SANDBOXING = YES;
				GCC_C_LANGUAGE_STANDARD = gnu17;
				GCC_NO_COMMON_BLOCKS = YES;
				GCC_WARN_64_TO_32_BIT_CONVERSION = YES;
				GCC_WARN_ABOUT_RETURN_TYPE = YES_ERROR;
				GCC_WARN_UNDECLARED_SELECTOR = YES;
				GCC_WARN_UNINITIALIZED_AUTOS = YES_AGGRESSIVE;
				GCC_WARN_UNUSED_FUNCTION = YES;
				GCC_WARN_UNUSED_VARIABLE = YES;
				IPHONEOS_DEPLOYMENT_TARGET = 17.0;
				LOCALIZATION_PREFERS_STRING_CATALOGS = YES;
				MTL_ENABLE_DEBUG_INFO = NO;
				MTL_FAST_MATH = YES;
				SDKROOT = iphoneos;
				SWIFT_COMPILATION_MODE = wholemodule;
				VALIDATE_PRODUCT = YES;
			};
			name = Release;
		};
		B580A9C12BF7308E00B9D755 /* Debug */ = {
			isa = XCBuildConfiguration;
			buildSettings = {
				ASSETCATALOG_COMPILER_APPICON_NAME = AppIcon;
				ASSETCATALOG_COMPILER_GLOBAL_ACCENT_COLOR_NAME = AccentColor;
				CODE_SIGN_STYLE = Automatic;
				CURRENT_PROJECT_VERSION = 1;
				DEVELOPMENT_TEAM = DBSG3W7293;
				GENERATE_INFOPLIST_FILE = YES;
				INFOPLIST_FILE = TPISofware_Homework/Info.plist;
				INFOPLIST_KEY_UIApplicationSupportsIndirectInputEvents = YES;
				INFOPLIST_KEY_UILaunchStoryboardName = LaunchScreen;
				INFOPLIST_KEY_UISupportedInterfaceOrientations_iPad = "UIInterfaceOrientationPortrait UIInterfaceOrientationPortraitUpsideDown UIInterfaceOrientationLandscapeLeft UIInterfaceOrientationLandscapeRight";
				INFOPLIST_KEY_UISupportedInterfaceOrientations_iPhone = "UIInterfaceOrientationPortrait UIInterfaceOrientationLandscapeLeft UIInterfaceOrientationLandscapeRight";
				LD_RUNPATH_SEARCH_PATHS = (
					"$(inherited)",
					"@executable_path/Frameworks",
				);
				MARKETING_VERSION = 1.0;
				PRODUCT_BUNDLE_IDENTIFIER = "com.dinhqui.tpisoftware.TPISofware-Homework";
				PRODUCT_NAME = "$(TARGET_NAME)";
				SWIFT_EMIT_LOC_STRINGS = YES;
				SWIFT_VERSION = 5.0;
				TARGETED_DEVICE_FAMILY = "1,2";
			};
			name = Debug;
		};
		B580A9C22BF7308E00B9D755 /* Release */ = {
			isa = XCBuildConfiguration;
			buildSettings = {
				ASSETCATALOG_COMPILER_APPICON_NAME = AppIcon;
				ASSETCATALOG_COMPILER_GLOBAL_ACCENT_COLOR_NAME = AccentColor;
				CODE_SIGN_STYLE = Automatic;
				CURRENT_PROJECT_VERSION = 1;
				DEVELOPMENT_TEAM = DBSG3W7293;
				GENERATE_INFOPLIST_FILE = YES;
				INFOPLIST_FILE = TPISofware_Homework/Info.plist;
				INFOPLIST_KEY_UIApplicationSupportsIndirectInputEvents = YES;
				INFOPLIST_KEY_UILaunchStoryboardName = LaunchScreen;
				INFOPLIST_KEY_UISupportedInterfaceOrientations_iPad = "UIInterfaceOrientationPortrait UIInterfaceOrientationPortraitUpsideDown UIInterfaceOrientationLandscapeLeft UIInterfaceOrientationLandscapeRight";
				INFOPLIST_KEY_UISupportedInterfaceOrientations_iPhone = "UIInterfaceOrientationPortrait UIInterfaceOrientationLandscapeLeft UIInterfaceOrientationLandscapeRight";
				LD_RUNPATH_SEARCH_PATHS = (
					"$(inherited)",
					"@executable_path/Frameworks",
				);
				MARKETING_VERSION = 1.0;
				PRODUCT_BUNDLE_IDENTIFIER = "com.dinhqui.tpisoftware.TPISofware-Homework";
				PRODUCT_NAME = "$(TARGET_NAME)";
				SWIFT_EMIT_LOC_STRINGS = YES;
				SWIFT_VERSION = 5.0;
				TARGETED_DEVICE_FAMILY = "1,2";
			};
			name = Release;
		};
/* End XCBuildConfiguration section */

/* Begin XCConfigurationList section */
		B580A9A72BF7308B00B9D755 /* Build configuration list for PBXProject "TPISofware_Homework" */ = {
			isa = XCConfigurationList;
			buildConfigurations = (
				B580A9BE2BF7308E00B9D755 /* Debug */,
				B580A9BF2BF7308E00B9D755 /* Release */,
			);
			defaultConfigurationIsVisible = 0;
			defaultConfigurationName = Release;
		};
		B580A9C02BF7308E00B9D755 /* Build configuration list for PBXNativeTarget "TPISofware_Homework" */ = {
			isa = XCConfigurationList;
			buildConfigurations = (
				B580A9C12BF7308E00B9D755 /* Debug */,
				B580A9C22BF7308E00B9D755 /* Release */,
			);
			defaultConfigurationIsVisible = 0;
			defaultConfigurationName = Release;
		};
/* End XCConfigurationList section */
	};
	rootObject = B580A9A42BF7308B00B9D755 /* Project object */;
}
